
Microsoft Visual Studio Solution File, Format Version 12.00
# Visual Studio 15
VisualStudioVersion = 15.0.27130.2027
MinimumVisualStudioVersion = 10.0.40219.1
Project("{FAE04EC0-301F-11D3-BF4B-00C04F79EFBC}") = "UmlDiagram", "UmlDiagram\UmlDiagram.csproj", "{2FC34CD2-B1F8-436F-9499-E53E493006F7}"
EndProject
Project("{FAE04EC0-301F-11D3-BF4B-00C04F79EFBC}") = "UmlDiagram.Library", "UmlDiagram.Library\UmlDiagram.Library.csproj", "{D8411DD2-F3F2-4700-89CD-C21CD5B1E78E}"
EndProject
Global
	GlobalSection(SolutionConfigurationPlatforms) = preSolution
		Debug|Any CPU = Debug|Any CPU
		Release|Any CPU = Release|Any CPU
	EndGlobalSection
	GlobalSection(ProjectConfigurationPlatforms) = postSolution
		{2FC34CD2-B1F8-436F-9499-E53E493006F7}.Debug|Any CPU.ActiveCfg = Debug|Any CPU
		{2FC34CD2-B1F8-436F-9499-E53E493006F7}.Debug|Any CPU.Build.0 = Debug|Any CPU
		{2FC34CD2-B1F8-436F-9499-E53E493006F7}.Release|Any CPU.ActiveCfg = Release|Any CPU
		{2FC34CD2-B1F8-436F-9499-E53E493006F7}.Release|Any CPU.Build.0 = Release|Any CPU
		{D8411DD2-F3F2-4700-89CD-C21CD5B1E78E}.Debug|Any CPU.ActiveCfg = Debug|Any CPU
		{D8411DD2-F3F2-4700-89CD-C21CD5B1E78E}.Debug|Any CPU.Build.0 = Debug|Any CPU
		{D8411DD2-F3F2-4700-89CD-C21CD5B1E78E}.Release|Any CPU.ActiveCfg = Release|Any CPU
		{D8411DD2-F3F2-4700-89CD-C21CD5B1E78E}.Release|Any CPU.Build.0 = Release|Any CPU
	EndGlobalSection
	GlobalSection(SolutionProperties) = preSolution
		HideSolutionNode = FALSE
	EndGlobalSection
	GlobalSection(ExtensibilityGlobals) = postSolution
		SolutionGuid = {2B2A4496-4D4F-4674-9BF0-78B231CD37A2}
	EndGlobalSection
EndGlobal
